
Microsoft Visual Studio Solution File, Format Version 12.00
# Visual Studio Version 16
VisualStudioVersion = 16.0.30804.86
MinimumVisualStudioVersion = 10.0.40219.1
Project("{8BC9CEB8-8B4A-11D0-8D11-00A0C91BC942}") = "run_sort", "run_sort\run_sort.vcxproj", "{EA81EAD4-D2E8-48C3-85A3-D6C905BAF474}"
EndProject
Global
	GlobalSection(SolutionConfigurationPlatforms) = preSolution
		Debug|x64 = Debug|x64
		Debug|x86 = Debug|x86
		Release|x64 = Release|x64
		Release|x86 = Release|x86
	EndGlobalSection
	GlobalSection(ProjectConfigurationPlatforms) = postSolution
		{EA81EAD4-D2E8-48C3-85A3-D6C905BAF474}.Debug|x64.ActiveCfg = Debug|x64
		{EA81EAD4-D2E8-48C3-85A3-D6C905BAF474}.Debug|x64.Build.0 = Debug|x64
		{EA81EAD4-D2E8-48C3-85A3-D6C905BAF474}.Debug|x86.ActiveCfg = Debug|Win32
		{EA81EAD4-D2E8-48C3-85A3-D6C905BAF474}.Debug|x86.Build.0 = Debug|Win32
		{EA81EAD4-D2E8-48C3-85A3-D6C905BAF474}.Release|x64.ActiveCfg = Release|x64
		{EA81EAD4-D2E8-48C3-85A3-D6C905BAF474}.Release|x64.Build.0 = Release|x64
		{EA81EAD4-D2E8-48C3-85A3-D6C905BAF474}.Release|x86.ActiveCfg = Release|Win32
		{EA81EAD4-D2E8-48C3-85A3-D6C905BAF474}.Release|x86.Build.0 = Release|Win32
	EndGlobalSection
	GlobalSection(SolutionProperties) = preSolution
		HideSolutionNode = FALSE
	EndGlobalSection
	GlobalSection(ExtensibilityGlobals) = postSolution
		SolutionGuid = {35E885DC-50DE-43A3-BD63-EC44C92908EF}
	EndGlobalSection
EndGlobal
